
Microsoft Visual Studio Solution File, Format Version 12.00
# Visual Studio Version 17
VisualStudioVersion = 17.9.34622.214
MinimumVisualStudioVersion = 10.0.40219.1
Project("{FAE04EC0-301F-11D3-BF4B-00C04F79EFBC}") = "Altairis.TrailingSlashMiddleware", "Altairis.TrailingSlashMiddleware\Altairis.TrailingSlashMiddleware.csproj", "{FE95A5A6-8327-4759-8785-7BF735DB7406}"
EndProject
Project("{FAE04EC0-301F-11D3-BF4B-00C04F79EFBC}") = "DemoWebApplication", "DemoWebApplication\DemoWebApplication.csproj", "{3BA05D35-BDBC-4058-BA3B-2F9D0990A17D}"
EndProject
Project("{2150E333-8FDC-42A3-9474-1A3956D46DE8}") = "Solution Items", "Solution Items", "{623D1982-3B7E-437E-B72E-A4E6E683927C}"
	ProjectSection(SolutionItems) = preProject
		CODE_OF_CONDUCT.md = CODE_OF_CONDUCT.md
		LICENSE = LICENSE
		README.md = README.md
	EndProjectSection
EndProject
Global
	GlobalSection(SolutionConfigurationPlatforms) = preSolution
		Debug|Any CPU = Debug|Any CPU
		Release|Any CPU = Release|Any CPU
	EndGlobalSection
	GlobalSection(ProjectConfigurationPlatforms) = postSolution
		{FE95A5A6-8327-4759-8785-7BF735DB7406}.Debug|Any CPU.ActiveCfg = Debug|Any CPU
		{FE95A5A6-8327-4759-8785-7BF735DB7406}.Debug|Any CPU.Build.0 = Debug|Any CPU
		{FE95A5A6-8327-4759-8785-7BF735DB7406}.Release|Any CPU.ActiveCfg = Release|Any CPU
		{FE95A5A6-8327-4759-8785-7BF735DB7406}.Release|Any CPU.Build.0 = Release|Any CPU
		{3BA05D35-BDBC-4058-BA3B-2F9D0990A17D}.Debug|Any CPU.ActiveCfg = Debug|Any CPU
		{3BA05D35-BDBC-4058-BA3B-2F9D0990A17D}.Debug|Any CPU.Build.0 = Debug|Any CPU
		{3BA05D35-BDBC-4058-BA3B-2F9D0990A17D}.Release|Any CPU.ActiveCfg = Release|Any CPU
		{3BA05D35-BDBC-4058-BA3B-2F9D0990A17D}.Release|Any CPU.Build.0 = Release|Any CPU
	EndGlobalSection
	GlobalSection(SolutionProperties) = preSolution
		HideSolutionNode = FALSE
	EndGlobalSection
	GlobalSection(ExtensibilityGlobals) = postSolution
		SolutionGuid = {1C62A7E2-2F0D-4E24-B2DB-5C03AA82EF09}
	EndGlobalSection
EndGlobal
